
Microsoft Visual Studio Solution File, Format Version 12.00
# Visual Studio Version 17
VisualStudioVersion = 17.6.33829.357
MinimumVisualStudioVersion = 10.0.40219.1
Project("{FAE04EC0-301F-11D3-BF4B-00C04F79EFBC}") = "TesteFinal", "TesteFinal.csproj", "{D59B4661-66E4-4B26-ACF9-71B6BD077295}"
EndProject
Global
	GlobalSection(SolutionConfigurationPlatforms) = preSolution
		Debug|Any CPU = Debug|Any CPU
		Release|Any CPU = Release|Any CPU
	EndGlobalSection
	GlobalSection(ProjectConfigurationPlatforms) = postSolution
		{D59B4661-66E4-4B26-ACF9-71B6BD077295}.Debug|Any CPU.ActiveCfg = Debug|Any CPU
		{D59B4661-66E4-4B26-ACF9-71B6BD077295}.Debug|Any CPU.Build.0 = Debug|Any CPU
		{D59B4661-66E4-4B26-ACF9-71B6BD077295}.Release|Any CPU.ActiveCfg = Release|Any CPU
		{D59B4661-66E4-4B26-ACF9-71B6BD077295}.Release|Any CPU.Build.0 = Release|Any CPU
	EndGlobalSection
	GlobalSection(SolutionProperties) = preSolution
		HideSolutionNode = FALSE
	EndGlobalSection
	GlobalSection(ExtensibilityGlobals) = postSolution
		SolutionGuid = {C4E16E07-4956-4D37-BBFC-AD1EB82FA9CB}
	EndGlobalSection
EndGlobal
